
Microsoft Visual Studio Solution File, Format Version 12.00
# Visual Studio Version 17
VisualStudioVersion = 17.4.33205.214
MinimumVisualStudioVersion = 10.0.40219.1
Project("{FAE04EC0-301F-11D3-BF4B-00C04F79EFBC}") = "Simple Timer", "Simple Timer\Simple Timer.csproj", "{94E849DF-A082-4512-9D49-95DF195CD2CF}"
EndProject
Global
	GlobalSection(SolutionConfigurationPlatforms) = preSolution
		Debug|Any CPU = Debug|Any CPU
		Release|Any CPU = Release|Any CPU
	EndGlobalSection
	GlobalSection(ProjectConfigurationPlatforms) = postSolution
		{94E849DF-A082-4512-9D49-95DF195CD2CF}.Debug|Any CPU.ActiveCfg = Debug|Any CPU
		{94E849DF-A082-4512-9D49-95DF195CD2CF}.Debug|Any CPU.Build.0 = Debug|Any CPU
		{94E849DF-A082-4512-9D49-95DF195CD2CF}.Release|Any CPU.ActiveCfg = Release|Any CPU
		{94E849DF-A082-4512-9D49-95DF195CD2CF}.Release|Any CPU.Build.0 = Release|Any CPU
	EndGlobalSection
	GlobalSection(SolutionProperties) = preSolution
		HideSolutionNode = FALSE
	EndGlobalSection
	GlobalSection(ExtensibilityGlobals) = postSolution
		SolutionGuid = {3ABF623E-2B33-4C81-8ECF-1CA34C4B93EC}
	EndGlobalSection
EndGlobal
